
Microsoft Visual Studio Solution File, Format Version 12.00
# Visual Studio Version 17
VisualStudioVersion = 17.14.36930.0 d17.14
MinimumVisualStudioVersion = 10.0.40219.1
Project("{FAE04EC0-301F-11D3-BF4B-00C04F79EFBC}") = "DespositMachine.Web", "DespositMachine.Web.csproj", "{46207F64-8DB8-4203-9469-89A6CAD61004}"
EndProject
Global
	GlobalSection(SolutionConfigurationPlatforms) = preSolution
		Debug|Any CPU = Debug|Any CPU
		Release|Any CPU = Release|Any CPU
	EndGlobalSection
	GlobalSection(ProjectConfigurationPlatforms) = postSolution
		{46207F64-8DB8-4203-9469-89A6CAD61004}.Debug|Any CPU.ActiveCfg = Debug|Any CPU
		{46207F64-8DB8-4203-9469-89A6CAD61004}.Debug|Any CPU.Build.0 = Debug|Any CPU
		{46207F64-8DB8-4203-9469-89A6CAD61004}.Release|Any CPU.ActiveCfg = Release|Any CPU
		{46207F64-8DB8-4203-9469-89A6CAD61004}.Release|Any CPU.Build.0 = Release|Any CPU
	EndGlobalSection
	GlobalSection(SolutionProperties) = preSolution
		HideSolutionNode = FALSE
	EndGlobalSection
	GlobalSection(ExtensibilityGlobals) = postSolution
		SolutionGuid = {DD090E40-0E66-40BF-9F07-C09E0516C0FD}
	EndGlobalSection
EndGlobal
